{
    "name": "nd0067-c4-deployment-process-project-starter",
    "lockfileVersion": 3,
    "requires": true,
    "packages": {
        "": {
            "dependencies": {
                "@types/validator": "^13.7.10"
            }
        },
        "node_modules/@types/validator": {
            "version": "13.7.10",
            "resolved": "https://registry.npmjs.org/@types/validator/-/validator-13.7.10.tgz",
            "integrity": "sha512-t1yxFAR2n0+VO6hd/FJ9F2uezAZVWHLmpmlJzm1eX03+H7+HsuTAp7L8QJs+2pQCfWkP1+EXsGK9Z9v7o/qPVQ=="
        }
    }
}
